// !$*UTF8*$!
{
	archiveVersion = 1;
	classes = {
	};
	objectVersion = 50;
	objects = {

/* Begin PBXBuildFile section */
		080EB3F0247AD22400E7F5E1 /* main.swift in Sources */ = {isa = PBXBuildFile; fileRef = 080EB3EF247AD22400E7F5E1 /* main.swift */; };
		080EB3F9247AD2A200E7F5E1 /* 43.swift in Sources */ = {isa = PBXBuildFile; fileRef = 080EB3F8247AD2A200E7F5E1 /* 43.swift */; };
		083B4E12251789A9003E7447 /* 56.swift in Sources */ = {isa = PBXBuildFile; fileRef = 083B4E11251789A9003E7447 /* 56.swift */; };
		085796FA24B2C9D10068651B /* 63.swift in Sources */ = {isa = PBXBuildFile; fileRef = 085796F924B2C9D10068651B /* 63.swift */; };
		085796FC24B2DB170068651B /* 1480.swift in Sources */ = {isa = PBXBuildFile; fileRef = 085796FB24B2DB170068651B /* 1480.swift */; };
		085796FE24B2E0CA0068651B /* 301.swift in Sources */ = {isa = PBXBuildFile; fileRef = 085796FD24B2E0CA0068651B /* 301.swift */; };
		087C982224B011AE00A65C74 /* 11.swift in Sources */ = {isa = PBXBuildFile; fileRef = 087C982124B011AE00A65C74 /* 11.swift */; };
		087C982424B019A500A65C74 /* 42.swift in Sources */ = {isa = PBXBuildFile; fileRef = 087C982324B019A500A65C74 /* 42.swift */; };
		087C982624B0358400A65C74 /* 42_1.swift in Sources */ = {isa = PBXBuildFile; fileRef = 087C982524B0358400A65C74 /* 42_1.swift */; };
		08ED9BC124A8E71A00B5132B /* 209.swift in Sources */ = {isa = PBXBuildFile; fileRef = 08ED9BC024A8E71A00B5132B /* 209.swift */; };
		08ED9BC324AA3E7B00B5132B /* 215.swift in Sources */ = {isa = PBXBuildFile; fileRef = 08ED9BC224AA3E7B00B5132B /* 215.swift */; };
		08EE1FAB251A0AE4007357C5 /* o11.swift in Sources */ = {isa = PBXBuildFile; fileRef = 08EE1FAA251A0AE4007357C5 /* o11.swift */; };
/* End PBXBuildFile section */

/* Begin PBXCopyFilesBuildPhase section */
		080EB3EA247AD22400E7F5E1 /* CopyFiles */ = {
			isa = PBXCopyFilesBuildPhase;
			buildActionMask = 2147483647;
			dstPath = /usr/share/man/man1/;
			dstSubfolderSpec = 0;
			files = (
			);
			runOnlyForDeploymentPostprocessing = 1;
		};
/* End PBXCopyFilesBuildPhase section */

/* Begin PBXFileReference section */
		080EB3EC247AD22400E7F5E1 /* Leetcode */ = {isa = PBXFileReference; explicitFileType = "compiled.mach-o.executable"; includeInIndex = 0; path = Leetcode; sourceTree = BUILT_PRODUCTS_DIR; };
		080EB3EF247AD22400E7F5E1 /* main.swift */ = {isa = PBXFileReference; lastKnownFileType = sourcecode.swift; path = main.swift; sourceTree = "<group>"; };
		080EB3F8247AD2A200E7F5E1 /* 43.swift */ = {isa = PBXFileReference; lastKnownFileType = sourcecode.swift; path = 43.swift; sourceTree = "<group>"; };
		083B4E11251789A9003E7447 /* 56.swift */ = {isa = PBXFileReference; lastKnownFileType = sourcecode.swift; path = 56.swift; sourceTree = "<group>"; };
		085796F924B2C9D10068651B /* 63.swift */ = {isa = PBXFileReference; lastKnownFileType = sourcecode.swift; path = 63.swift; sourceTree = "<group>"; };
		085796FB24B2DB170068651B /* 1480.swift */ = {isa = PBXFileReference; lastKnownFileType = sourcecode.swift; path = 1480.swift; sourceTree = "<group>"; };
		085796FD24B2E0CA0068651B /* 301.swift */ = {isa = PBXFileReference; lastKnownFileType = sourcecode.swift; path = 301.swift; sourceTree = "<group>"; };
		087C982124B011AE00A65C74 /* 11.swift */ = {isa = PBXFileReference; lastKnownFileType = sourcecode.swift; path = 11.swift; sourceTree = "<group>"; };
		087C982324B019A500A65C74 /* 42.swift */ = {isa = PBXFileReference; lastKnownFileType = sourcecode.swift; path = 42.swift; sourceTree = "<group>"; };
		087C982524B0358400A65C74 /* 42_1.swift */ = {isa = PBXFileReference; lastKnownFileType = sourcecode.swift; path = 42_1.swift; sourceTree = "<group>"; };
		08ED9BC024A8E71A00B5132B /* 209.swift */ = {isa = PBXFileReference; lastKnownFileType = sourcecode.swift; path = 209.swift; sourceTree = "<group>"; };
		08ED9BC224AA3E7B00B5132B /* 215.swift */ = {isa = PBXFileReference; lastKnownFileType = sourcecode.swift; path = 215.swift; sourceTree = "<group>"; };
		08EE1FAA251A0AE4007357C5 /* o11.swift */ = {isa = PBXFileReference; lastKnownFileType = sourcecode.swift; path = o11.swift; sourceTree = "<group>"; };
/* End PBXFileReference section */

/* Begin PBXFrameworksBuildPhase section */
		080EB3E9247AD22400E7F5E1 /* Frameworks */ = {
			isa = PBXFrameworksBuildPhase;
			buildActionMask = 2147483647;
			files = (
			);
			runOnlyForDeploymentPostprocessing = 0;
		};
/* End PBXFrameworksBuildPhase section */

/* Begin PBXGroup section */
		080EB3E3247AD22400E7F5E1 = {
			isa = PBXGroup;
			children = (
				080EB3EE247AD22400E7F5E1 /* Leetcode */,
				080EB3ED247AD22400E7F5E1 /* Products */,
			);
			sourceTree = "<group>";
		};
		080EB3ED247AD22400E7F5E1 /* Products */ = {
			isa = PBXGroup;
			children = (
				080EB3EC247AD22400E7F5E1 /* Leetcode */,
			);
			name = Products;
			sourceTree = "<group>";
		};
		080EB3EE247AD22400E7F5E1 /* Leetcode */ = {
			isa = PBXGroup;
			children = (
				080EB3EF247AD22400E7F5E1 /* main.swift */,
				080EB3F8247AD2A200E7F5E1 /* 43.swift */,
				08ED9BC024A8E71A00B5132B /* 209.swift */,
				08ED9BC224AA3E7B00B5132B /* 215.swift */,
				087C982124B011AE00A65C74 /* 11.swift */,
				087C982324B019A500A65C74 /* 42.swift */,
				087C982524B0358400A65C74 /* 42_1.swift */,
				085796F924B2C9D10068651B /* 63.swift */,
				085796FB24B2DB170068651B /* 1480.swift */,
				085796FD24B2E0CA0068651B /* 301.swift */,
				083B4E11251789A9003E7447 /* 56.swift */,
				08EE1FAA251A0AE4007357C5 /* o11.swift */,
			);
			path = Leetcode;
			sourceTree = "<group>";
		};
/* End PBXGroup section */

/* Begin PBXNativeTarget section */
		080EB3EB247AD22400E7F5E1 /* Leetcode */ = {
			isa = PBXNativeTarget;
			buildConfigurationList = 080EB3F3247AD22400E7F5E1 /* Build configuration list for PBXNativeTarget "Leetcode" */;
			buildPhases = (
				080EB3E8247AD22400E7F5E1 /* Sources */,
				080EB3E9247AD22400E7F5E1 /* Frameworks */,
				080EB3EA247AD22400E7F5E1 /* CopyFiles */,
			);
			buildRules = (
			);
			dependencies = (
			);
			name = Leetcode;
			productName = Leetcode;
			productReference = 080EB3EC247AD22400E7F5E1 /* Leetcode */;
			productType = "com.apple.product-type.tool";
		};
/* End PBXNativeTarget section */

/* Begin PBXProject section */
		080EB3E4247AD22400E7F5E1 /* Project object */ = {
			isa = PBXProject;
			attributes = {
				LastSwiftUpdateCheck = 1140;
				LastUpgradeCheck = 1140;
				ORGANIZATIONNAME = RodinYTY;
				TargetAttributes = {
					080EB3EB247AD22400E7F5E1 = {
						CreatedOnToolsVersion = 11.4.1;
					};
				};
			};
			buildConfigurationList = 080EB3E7247AD22400E7F5E1 /* Build configuration list for PBXProject "Leetcode" */;
			compatibilityVersion = "Xcode 9.3";
			developmentRegion = en;
			hasScannedForEncodings = 0;
			knownRegions = (
				en,
				Base,
			);
			mainGroup = 080EB3E3247AD22400E7F5E1;
			productRefGroup = 080EB3ED247AD22400E7F5E1 /* Products */;
			projectDirPath = "";
			projectRoot = "";
			targets = (
				080EB3EB247AD22400E7F5E1 /* Leetcode */,
			);
		};
/* End PBXProject section */

/* Begin PBXSourcesBuildPhase section */
		080EB3E8247AD22400E7F5E1 /* Sources */ = {
			isa = PBXSourcesBuildPhase;
			buildActionMask = 2147483647;
			files = (
				083B4E12251789A9003E7447 /* 56.swift in Sources */,
				08ED9BC324AA3E7B00B5132B /* 215.swift in Sources */,
				08ED9BC124A8E71A00B5132B /* 209.swift in Sources */,
				080EB3F9247AD2A200E7F5E1 /* 43.swift in Sources */,
				087C982624B0358400A65C74 /* 42_1.swift in Sources */,
				085796FE24B2E0CA0068651B /* 301.swift in Sources */,
				085796FA24B2C9D10068651B /* 63.swift in Sources */,
				085796FC24B2DB170068651B /* 1480.swift in Sources */,
				087C982424B019A500A65C74 /* 42.swift in Sources */,
				08EE1FAB251A0AE4007357C5 /* o11.swift in Sources */,
				080EB3F0247AD22400E7F5E1 /* main.swift in Sources */,
				087C982224B011AE00A65C74 /* 11.swift in Sources */,
			);
			runOnlyForDeploymentPostprocessing = 0;
		};
/* End PBXSourcesBuildPhase section */

/* Begin XCBuildConfiguration section */
		080EB3F1247AD22400E7F5E1 /* Debug */ = {
			isa = XCBuildConfiguration;
			buildSettings = {
				ALWAYS_SEARCH_USER_PATHS = NO;
				CLANG_ANALYZER_NONNULL = YES;
				CLANG_ANALYZER_NUMBER_OBJECT_CONVERSION = YES_AGGRESSIVE;
				CLANG_CXX_LANGUAGE_STANDARD = "gnu++14";
				CLANG_CXX_LIBRARY = "libc++";
				CLANG_ENABLE_MODULES = YES;
				CLANG_ENABLE_OBJC_ARC = YES;
				CLANG_ENABLE_OBJC_WEAK = YES;
				CLANG_WARN_BLOCK_CAPTURE_AUTORELEASING = YES;
				CLANG_WARN_BOOL_CONVERSION = YES;
				CLANG_WARN_COMMA = YES;
				CLANG_WARN_CONSTANT_CONVERSION = YES;
				CLANG_WARN_DEPRECATED_OBJC_IMPLEMENTATIONS = YES;
				CLANG_WARN_DIRECT_OBJC_ISA_USAGE = YES_ERROR;
				CLANG_WARN_DOCUMENTATION_COMMENTS = YES;
				CLANG_WARN_EMPTY_BODY = YES;
				CLANG_WARN_ENUM_CONVERSION = YES;
				CLANG_WARN_INFINITE_RECURSION = YES;
				CLANG_WARN_INT_CONVERSION = YES;
				CLANG_WARN_NON_LITERAL_NULL_CONVERSION = YES;
				CLANG_WARN_OBJC_IMPLICIT_RETAIN_SELF = YES;
				CLANG_WARN_OBJC_LITERAL_CONVERSION = YES;
				CLANG_WARN_OBJC_ROOT_CLASS = YES_ERROR;
				CLANG_WARN_RANGE_LOOP_ANALYSIS = YES;
				CLANG_WARN_STRICT_PROTOTYPES = YES;
				CLANG_WARN_SUSPICIOUS_MOVE = YES;
				CLANG_WARN_UNGUARDED_AVAILABILITY = YES_AGGRESSIVE;
				CLANG_WARN_UNREACHABLE_CODE = YES;
				CLANG_WARN__DUPLICATE_METHOD_MATCH = YES;
				COPY_PHASE_STRIP = NO;
				DEBUG_INFORMATION_FORMAT = dwarf;
				ENABLE_STRICT_OBJC_MSGSEND = YES;
				ENABLE_TESTABILITY = YES;
				GCC_C_LANGUAGE_STANDARD = gnu11;
				GCC_DYNAMIC_NO_PIC = NO;
				GCC_NO_COMMON_BLOCKS = YES;
				GCC_OPTIMIZATION_LEVEL = 0;
				GCC_PREPROCESSOR_DEFINITIONS = (
					"DEBUG=1",
					"$(inherited)",
				);
				GCC_WARN_64_TO_32_BIT_CONVERSION = YES;
				GCC_WARN_ABOUT_RETURN_TYPE = YES_ERROR;
				GCC_WARN_UNDECLARED_SELECTOR = YES;
				GCC_WARN_UNINITIALIZED_AUTOS = YES_AGGRESSIVE;
				GCC_WARN_UNUSED_FUNCTION = YES;
				GCC_WARN_UNUSED_VARIABLE = YES;
				MACOSX_DEPLOYMENT_TARGET = 10.15;
				MTL_ENABLE_DEBUG_INFO = INCLUDE_SOURCE;
				MTL_FAST_MATH = YES;
				ONLY_ACTIVE_ARCH = YES;
				SDKROOT = macosx;
				SWIFT_ACTIVE_COMPILATION_CONDITIONS = DEBUG;
				SWIFT_OPTIMIZATION_LEVEL = "-Onone";
			};
			name = Debug;
		};
		080EB3F2247AD22400E7F5E1 /* Release */ = {
			isa = XCBuildConfiguration;
			buildSettings = {
				ALWAYS_SEARCH_USER_PATHS = NO;
				CLANG_ANALYZER_NONNULL = YES;
				CLANG_ANALYZER_NUMBER_OBJECT_CONVERSION = YES_AGGRESSIVE;
				CLANG_CXX_LANGUAGE_STANDARD = "gnu++14";
				CLANG_CXX_LIBRARY = "libc++";
				CLANG_ENABLE_MODULES = YES;
				CLANG_ENABLE_OBJC_ARC = YES;
				CLANG_ENABLE_OBJC_WEAK = YES;
				CLANG_WARN_BLOCK_CAPTURE_AUTORELEASING = YES;
				CLANG_WARN_BOOL_CONVERSION = YES;
				CLANG_WARN_COMMA = YES;
				CLANG_WARN_CONSTANT_CONVERSION = YES;
				CLANG_WARN_DEPRECATED_OBJC_IMPLEMENTATIONS = YES;
				CLANG_WARN_DIRECT_OBJC_ISA_USAGE = YES_ERROR;
				CLANG_WARN_DOCUMENTATION_COMMENTS = YES;
				CLANG_WARN_EMPTY_BODY = YES;
				CLANG_WARN_ENUM_CONVERSION = YES;
				CLANG_WARN_INFINITE_RECURSION = YES;
				CLANG_WARN_INT_CONVERSION = YES;
				CLANG_WARN_NON_LITERAL_NULL_CONVERSION = YES;
				CLANG_WARN_OBJC_IMPLICIT_RETAIN_SELF = YES;
				CLANG_WARN_OBJC_LITERAL_CONVERSION = YES;
				CLANG_WARN_OBJC_ROOT_CLASS = YES_ERROR;
				CLANG_WARN_RANGE_LOOP_ANALYSIS = YES;
				CLANG_WARN_STRICT_PROTOTYPES = YES;
				CLANG_WARN_SUSPICIOUS_MOVE = YES;
				CLANG_WARN_UNGUARDED_AVAILABILITY = YES_AGGRESSIVE;
				CLANG_WARN_UNREACHABLE_CODE = YES;
				CLANG_WARN__DUPLICATE_METHOD_MATCH = YES;
				COPY_PHASE_STRIP = NO;
				DEBUG_INFORMATION_FORMAT = "dwarf-with-dsym";
				ENABLE_NS_ASSERTIONS = NO;
				ENABLE_STRICT_OBJC_MSGSEND = YES;
				GCC_C_LANGUAGE_STANDARD = gnu11;
				GCC_NO_COMMON_BLOCKS = YES;
				GCC_WARN_64_TO_32_BIT_CONVERSION = YES;
				GCC_WARN_ABOUT_RETURN_TYPE = YES_ERROR;
				GCC_WARN_UNDECLARED_SELECTOR = YES;
				GCC_WARN_UNINITIALIZED_AUTOS = YES_AGGRESSIVE;
				GCC_WARN_UNUSED_FUNCTION = YES;
				GCC_WARN_UNUSED_VARIABLE = YES;
				MACOSX_DEPLOYMENT_TARGET = 10.15;
				MTL_ENABLE_DEBUG_INFO = NO;
				MTL_FAST_MATH = YES;
				SDKROOT = macosx;
				SWIFT_COMPILATION_MODE = wholemodule;
				SWIFT_OPTIMIZATION_LEVEL = "-O";
			};
			name = Release;
		};
		080EB3F4247AD22400E7F5E1 /* Debug */ = {
			isa = XCBuildConfiguration;
			buildSettings = {
				CODE_SIGN_STYLE = Automatic;
				PRODUCT_NAME = "$(TARGET_NAME)";
				SWIFT_VERSION = 5.0;
			};
			name = Debug;
		};
		080EB3F5247AD22400E7F5E1 /* Release */ = {
			isa = XCBuildConfiguration;
			buildSettings = {
				CODE_SIGN_STYLE = Automatic;
				PRODUCT_NAME = "$(TARGET_NAME)";
				SWIFT_VERSION = 5.0;
			};
			name = Release;
		};
/* End XCBuildConfiguration section */

/* Begin XCConfigurationList section */
		080EB3E7247AD22400E7F5E1 /* Build configuration list for PBXProject "Leetcode" */ = {
			isa = XCConfigurationList;
			buildConfigurations = (
				080EB3F1247AD22400E7F5E1 /* Debug */,
				080EB3F2247AD22400E7F5E1 /* Release */,
			);
			defaultConfigurationIsVisible = 0;
			defaultConfigurationName = Release;
		};
		080EB3F3247AD22400E7F5E1 /* Build configuration list for PBXNativeTarget "Leetcode" */ = {
			isa = XCConfigurationList;
			buildConfigurations = (
				080EB3F4247AD22400E7F5E1 /* Debug */,
				080EB3F5247AD22400E7F5E1 /* Release */,
			);
			defaultConfigurationIsVisible = 0;
			defaultConfigurationName = Release;
		};
/* End XCConfigurationList section */
	};
	rootObject = 080EB3E4247AD22400E7F5E1 /* Project object */;
}
